
Microsoft Visual Studio Solution File, Format Version 12.00
# Visual Studio Version 16
VisualStudioVersion = 16.0.29709.97
MinimumVisualStudioVersion = 10.0.40219.1
Project("{FAE04EC0-301F-11D3-BF4B-00C04F79EFBC}") = "gRPCService.Server", "gRPCService.Server\gRPCService.Server.csproj", "{19ADFA89-2B1C-47FA-ABAA-E435BE317C13}"
EndProject
Project("{FAE04EC0-301F-11D3-BF4B-00C04F79EFBC}") = "gRPCService.Client", "gRPCService.Client\gRPCService.Client.csproj", "{818D2A91-BD1C-4247-A46B-1B1B18E6DE4C}"
EndProject
Global
	GlobalSection(SolutionConfigurationPlatforms) = preSolution
		Debug|Any CPU = Debug|Any CPU
		Release|Any CPU = Release|Any CPU
	EndGlobalSection
	GlobalSection(ProjectConfigurationPlatforms) = postSolution
		{19ADFA89-2B1C-47FA-ABAA-E435BE317C13}.Debug|Any CPU.ActiveCfg = Debug|Any CPU
		{19ADFA89-2B1C-47FA-ABAA-E435BE317C13}.Debug|Any CPU.Build.0 = Debug|Any CPU
		{19ADFA89-2B1C-47FA-ABAA-E435BE317C13}.Release|Any CPU.ActiveCfg = Release|Any CPU
		{19ADFA89-2B1C-47FA-ABAA-E435BE317C13}.Release|Any CPU.Build.0 = Release|Any CPU
		{818D2A91-BD1C-4247-A46B-1B1B18E6DE4C}.Debug|Any CPU.ActiveCfg = Debug|Any CPU
		{818D2A91-BD1C-4247-A46B-1B1B18E6DE4C}.Debug|Any CPU.Build.0 = Debug|Any CPU
		{818D2A91-BD1C-4247-A46B-1B1B18E6DE4C}.Release|Any CPU.ActiveCfg = Release|Any CPU
		{818D2A91-BD1C-4247-A46B-1B1B18E6DE4C}.Release|Any CPU.Build.0 = Release|Any CPU
	EndGlobalSection
	GlobalSection(SolutionProperties) = preSolution
		HideSolutionNode = FALSE
	EndGlobalSection
	GlobalSection(ExtensibilityGlobals) = postSolution
		SolutionGuid = {F7ACB2B6-FD43-4CD2-B889-F392E432BAF0}
	EndGlobalSection
EndGlobal
